
Microsoft Visual Studio Solution File, Format Version 12.00
# Visual Studio Version 16
VisualStudioVersion = 16.0.29009.5
MinimumVisualStudioVersion = 10.0.40219.1
Project("{FAE04EC0-301F-11D3-BF4B-00C04F79EFBC}") = "CommandNetworking", "CommandNetworking\CommandNetworking.csproj", "{96A6F295-5CB4-4852-8C2D-1A61118312E9}"
EndProject
Project("{FAE04EC0-301F-11D3-BF4B-00C04F79EFBC}") = "FastLogger", "FastLogger\FastLogger.csproj", "{CF56B9D8-7BF3-4226-A977-CC32C55EE8C7}"
EndProject
Project("{FAE04EC0-301F-11D3-BF4B-00C04F79EFBC}") = "TankHeartOnlineClient", "TankHeartOnlineClient\TankHeartOnlineClient.csproj", "{8CF4F058-B436-4F8F-BB13-22E5B92477F3}"
EndProject
Project("{FAE04EC0-301F-11D3-BF4B-00C04F79EFBC}") = "TankHeartOnlineConsoleServer", "TankHeartOnlineConsoleServer\TankHeartOnlineConsoleServer.csproj", "{E0F3CA1D-A643-4DB1-9CDD-E78767397F42}"
EndProject
Global
	GlobalSection(SolutionConfigurationPlatforms) = preSolution
		Debug|Any CPU = Debug|Any CPU
		Release|Any CPU = Release|Any CPU
	EndGlobalSection
	GlobalSection(ProjectConfigurationPlatforms) = postSolution
		{96A6F295-5CB4-4852-8C2D-1A61118312E9}.Debug|Any CPU.ActiveCfg = Debug|Any CPU
		{96A6F295-5CB4-4852-8C2D-1A61118312E9}.Debug|Any CPU.Build.0 = Debug|Any CPU
		{96A6F295-5CB4-4852-8C2D-1A61118312E9}.Release|Any CPU.ActiveCfg = Release|Any CPU
		{96A6F295-5CB4-4852-8C2D-1A61118312E9}.Release|Any CPU.Build.0 = Release|Any CPU
		{CF56B9D8-7BF3-4226-A977-CC32C55EE8C7}.Debug|Any CPU.ActiveCfg = Debug|Any CPU
		{CF56B9D8-7BF3-4226-A977-CC32C55EE8C7}.Debug|Any CPU.Build.0 = Debug|Any CPU
		{CF56B9D8-7BF3-4226-A977-CC32C55EE8C7}.Release|Any CPU.ActiveCfg = Release|Any CPU
		{CF56B9D8-7BF3-4226-A977-CC32C55EE8C7}.Release|Any CPU.Build.0 = Release|Any CPU
		{8CF4F058-B436-4F8F-BB13-22E5B92477F3}.Debug|Any CPU.ActiveCfg = Debug|Any CPU
		{8CF4F058-B436-4F8F-BB13-22E5B92477F3}.Debug|Any CPU.Build.0 = Debug|Any CPU
		{8CF4F058-B436-4F8F-BB13-22E5B92477F3}.Release|Any CPU.ActiveCfg = Release|Any CPU
		{8CF4F058-B436-4F8F-BB13-22E5B92477F3}.Release|Any CPU.Build.0 = Release|Any CPU
		{E0F3CA1D-A643-4DB1-9CDD-E78767397F42}.Debug|Any CPU.ActiveCfg = Debug|Any CPU
		{E0F3CA1D-A643-4DB1-9CDD-E78767397F42}.Debug|Any CPU.Build.0 = Debug|Any CPU
		{E0F3CA1D-A643-4DB1-9CDD-E78767397F42}.Release|Any CPU.ActiveCfg = Release|Any CPU
		{E0F3CA1D-A643-4DB1-9CDD-E78767397F42}.Release|Any CPU.Build.0 = Release|Any CPU
	EndGlobalSection
	GlobalSection(SolutionProperties) = preSolution
		HideSolutionNode = FALSE
	EndGlobalSection
	GlobalSection(ExtensibilityGlobals) = postSolution
		SolutionGuid = {D87E6EA4-EBB9-4477-BC01-4C8892576851}
	EndGlobalSection
EndGlobal
